
Microsoft Visual Studio Solution File, Format Version 12.00
# Visual Studio Version 17
VisualStudioVersion = 17.0.31903.59
MinimumVisualStudioVersion = 10.0.40219.1
Project("{2150E333-8FDC-42A3-9474-1A3956D46DE8}") = "src", "src", "{5715E1BB-ABCF-467E-8913-D8EBC4F9DDEB}"
EndProject
Project("{FAE04EC0-301F-11D3-BF4B-00C04F79EFBC}") = "Chirp.Razor", "src\Chirp.Razor\Chirp.Razor.csproj", "{0EF3843F-715F-4776-B56F-944FB704441A}"
EndProject
Project("{FAE04EC0-301F-11D3-BF4B-00C04F79EFBC}") = "Chirp.SQLite", "src\Chirp.SQLite\Chirp.SQLite.csproj", "{4734A36B-0959-4F1B-9039-1DEA38FE0979}"
EndProject
Project("{FAE04EC0-301F-11D3-BF4B-00C04F79EFBC}") = "WebServer", "src\WebServer\WebServer.csproj", "{B24EDAD3-5035-4C94-BD02-C9FDC52FF5D7}"
EndProject
Project("{2150E333-8FDC-42A3-9474-1A3956D46DE8}") = "test", "test", "{18BCFD38-E8E4-4CD3-A0BB-FB998ABFB3E5}"
EndProject
Project("{FAE04EC0-301F-11D3-BF4B-00C04F79EFBC}") = "WebServer.Tests", "test\WebServer.Tests\WebServer.Tests.csproj", "{826525CC-09D4-459E-9C3B-4E35689C5482}"
EndProject
Project("{FAE04EC0-301F-11D3-BF4B-00C04F79EFBC}") = "Chirp.Razor.Tests", "test\Chirp.Razor.Tests\Chirp.Razor.Tests.csproj", "{3B8F6991-0889-43DF-865C-E2CD139DE019}"
EndProject
Project("{FAE04EC0-301F-11D3-BF4B-00C04F79EFBC}") = "Chirp.SQLite.Tests", "test\Chirp.SQLite.Tests\Chirp.SQLite.Tests.csproj", "{3BB3E8A9-8A1B-4655-A11A-5C160F9AC8EE}"
EndProject
Global
	GlobalSection(SolutionConfigurationPlatforms) = preSolution
		Debug|Any CPU = Debug|Any CPU
		Release|Any CPU = Release|Any CPU
	EndGlobalSection
	GlobalSection(SolutionProperties) = preSolution
		HideSolutionNode = FALSE
	EndGlobalSection
	GlobalSection(ProjectConfigurationPlatforms) = postSolution
		{0EF3843F-715F-4776-B56F-944FB704441A}.Debug|Any CPU.ActiveCfg = Debug|Any CPU
		{0EF3843F-715F-4776-B56F-944FB704441A}.Debug|Any CPU.Build.0 = Debug|Any CPU
		{0EF3843F-715F-4776-B56F-944FB704441A}.Release|Any CPU.ActiveCfg = Release|Any CPU
		{0EF3843F-715F-4776-B56F-944FB704441A}.Release|Any CPU.Build.0 = Release|Any CPU
		{4734A36B-0959-4F1B-9039-1DEA38FE0979}.Debug|Any CPU.ActiveCfg = Debug|Any CPU
		{4734A36B-0959-4F1B-9039-1DEA38FE0979}.Debug|Any CPU.Build.0 = Debug|Any CPU
		{4734A36B-0959-4F1B-9039-1DEA38FE0979}.Release|Any CPU.ActiveCfg = Release|Any CPU
		{4734A36B-0959-4F1B-9039-1DEA38FE0979}.Release|Any CPU.Build.0 = Release|Any CPU
		{B24EDAD3-5035-4C94-BD02-C9FDC52FF5D7}.Debug|Any CPU.ActiveCfg = Debug|Any CPU
		{B24EDAD3-5035-4C94-BD02-C9FDC52FF5D7}.Debug|Any CPU.Build.0 = Debug|Any CPU
		{B24EDAD3-5035-4C94-BD02-C9FDC52FF5D7}.Release|Any CPU.ActiveCfg = Release|Any CPU
		{B24EDAD3-5035-4C94-BD02-C9FDC52FF5D7}.Release|Any CPU.Build.0 = Release|Any CPU
		{826525CC-09D4-459E-9C3B-4E35689C5482}.Debug|Any CPU.ActiveCfg = Debug|Any CPU
		{826525CC-09D4-459E-9C3B-4E35689C5482}.Debug|Any CPU.Build.0 = Debug|Any CPU
		{826525CC-09D4-459E-9C3B-4E35689C5482}.Release|Any CPU.ActiveCfg = Release|Any CPU
		{826525CC-09D4-459E-9C3B-4E35689C5482}.Release|Any CPU.Build.0 = Release|Any CPU
		{3B8F6991-0889-43DF-865C-E2CD139DE019}.Debug|Any CPU.ActiveCfg = Debug|Any CPU
		{3B8F6991-0889-43DF-865C-E2CD139DE019}.Debug|Any CPU.Build.0 = Debug|Any CPU
		{3B8F6991-0889-43DF-865C-E2CD139DE019}.Release|Any CPU.ActiveCfg = Release|Any CPU
		{3B8F6991-0889-43DF-865C-E2CD139DE019}.Release|Any CPU.Build.0 = Release|Any CPU
		{3BB3E8A9-8A1B-4655-A11A-5C160F9AC8EE}.Debug|Any CPU.ActiveCfg = Debug|Any CPU
		{3BB3E8A9-8A1B-4655-A11A-5C160F9AC8EE}.Debug|Any CPU.Build.0 = Debug|Any CPU
		{3BB3E8A9-8A1B-4655-A11A-5C160F9AC8EE}.Release|Any CPU.ActiveCfg = Release|Any CPU
		{3BB3E8A9-8A1B-4655-A11A-5C160F9AC8EE}.Release|Any CPU.Build.0 = Release|Any CPU
	EndGlobalSection
	GlobalSection(NestedProjects) = preSolution
		{0EF3843F-715F-4776-B56F-944FB704441A} = {5715E1BB-ABCF-467E-8913-D8EBC4F9DDEB}
		{4734A36B-0959-4F1B-9039-1DEA38FE0979} = {5715E1BB-ABCF-467E-8913-D8EBC4F9DDEB}
		{B24EDAD3-5035-4C94-BD02-C9FDC52FF5D7} = {5715E1BB-ABCF-467E-8913-D8EBC4F9DDEB}
		{826525CC-09D4-459E-9C3B-4E35689C5482} = {18BCFD38-E8E4-4CD3-A0BB-FB998ABFB3E5}
		{3B8F6991-0889-43DF-865C-E2CD139DE019} = {18BCFD38-E8E4-4CD3-A0BB-FB998ABFB3E5}
		{3BB3E8A9-8A1B-4655-A11A-5C160F9AC8EE} = {18BCFD38-E8E4-4CD3-A0BB-FB998ABFB3E5}
	EndGlobalSection
EndGlobal
