
Microsoft Visual Studio Solution File, Format Version 12.00
# Visual Studio Version 17
VisualStudioVersion = 17.0.31903.59
MinimumVisualStudioVersion = 10.0.40219.1
Project("{2150E333-8FDC-42A3-9474-1A3956D46DE8}") = "src", "src", "{827E0CD3-B72D-47B6-A68D-7590B98EB39B}"
EndProject
Project("{FAE04EC0-301F-11D3-BF4B-00C04F79EFBC}") = "Chirp.Core", "src\Chirp.Core\Chirp.Core.csproj", "{967F9741-FDAA-43C6-8BD4-1C0B100AC615}"
EndProject
Project("{FAE04EC0-301F-11D3-BF4B-00C04F79EFBC}") = "Chirp.Web", "src\Chirp.Web\Chirp.Web.csproj", "{54C14235-D984-4D6D-8B00-A4C908175CA7}"
EndProject
Project("{2150E333-8FDC-42A3-9474-1A3956D46DE8}") = "test", "test", "{51460179-BB0B-4357-8459-65C27811A5D3}"
EndProject
Project("{FAE04EC0-301F-11D3-BF4B-00C04F79EFBC}") = "Chirp.Infrastructure", "src\Chirp.Infrastructure\Chirp.Infrastructure.csproj", "{5FF0AE7B-10D8-4335-A59D-6EBD1CBD9F10}"
EndProject
Project("{FAE04EC0-301F-11D3-BF4B-00C04F79EFBC}") = "Chirp.Core.Tests", "test\Chirp.Core.Tests\Chirp.Core.Tests.csproj", "{6EED967D-EE68-48FE-8341-FA52CD124FFE}"
EndProject
Project("{FAE04EC0-301F-11D3-BF4B-00C04F79EFBC}") = "Chirp.Infrastructure.Tests", "test\Chirp.Infrastructure.Tests\Chirp.Infrastructure.Tests.csproj", "{9E7087C9-16B1-4E2B-8053-F7666310F3D5}"
EndProject
Project("{FAE04EC0-301F-11D3-BF4B-00C04F79EFBC}") = "Chirp.Web.Tests", "test\Chirp.Web.Tests\Chirp.Web.Tests.csproj", "{EA0CF929-5C4B-41CE-AD39-9F4D7AD3F920}"
EndProject
Project("{FAE04EC0-301F-11D3-BF4B-00C04F79EFBC}") = "Chirp.Integration.Tests", "test\Chirp.Integration.Tests\Chirp.Integration.Tests.csproj", "{53CA6C66-2118-4A59-9E21-2DEB568BBBA1}"
EndProject
Project("{FAE04EC0-301F-11D3-BF4B-00C04F79EFBC}") = "Chirp.Identity", "src\Chirp.Identity\Chirp.Identity.csproj", "{97BDF728-16F5-45CD-B48A-E5FABDD110CD}"
EndProject
Global
	GlobalSection(SolutionConfigurationPlatforms) = preSolution
		Debug|Any CPU = Debug|Any CPU
		Debug|x64 = Debug|x64
		Debug|x86 = Debug|x86
		Release|Any CPU = Release|Any CPU
		Release|x64 = Release|x64
		Release|x86 = Release|x86
	EndGlobalSection
	GlobalSection(ProjectConfigurationPlatforms) = postSolution
		{967F9741-FDAA-43C6-8BD4-1C0B100AC615}.Debug|Any CPU.ActiveCfg = Debug|Any CPU
		{967F9741-FDAA-43C6-8BD4-1C0B100AC615}.Debug|Any CPU.Build.0 = Debug|Any CPU
		{967F9741-FDAA-43C6-8BD4-1C0B100AC615}.Debug|x64.ActiveCfg = Debug|Any CPU
		{967F9741-FDAA-43C6-8BD4-1C0B100AC615}.Debug|x64.Build.0 = Debug|Any CPU
		{967F9741-FDAA-43C6-8BD4-1C0B100AC615}.Debug|x86.ActiveCfg = Debug|Any CPU
		{967F9741-FDAA-43C6-8BD4-1C0B100AC615}.Debug|x86.Build.0 = Debug|Any CPU
		{967F9741-FDAA-43C6-8BD4-1C0B100AC615}.Release|Any CPU.ActiveCfg = Release|Any CPU
		{967F9741-FDAA-43C6-8BD4-1C0B100AC615}.Release|Any CPU.Build.0 = Release|Any CPU
		{967F9741-FDAA-43C6-8BD4-1C0B100AC615}.Release|x64.ActiveCfg = Release|Any CPU
		{967F9741-FDAA-43C6-8BD4-1C0B100AC615}.Release|x64.Build.0 = Release|Any CPU
		{967F9741-FDAA-43C6-8BD4-1C0B100AC615}.Release|x86.ActiveCfg = Release|Any CPU
		{967F9741-FDAA-43C6-8BD4-1C0B100AC615}.Release|x86.Build.0 = Release|Any CPU
		{54C14235-D984-4D6D-8B00-A4C908175CA7}.Debug|Any CPU.ActiveCfg = Debug|Any CPU
		{54C14235-D984-4D6D-8B00-A4C908175CA7}.Debug|Any CPU.Build.0 = Debug|Any CPU
		{54C14235-D984-4D6D-8B00-A4C908175CA7}.Debug|x64.ActiveCfg = Debug|Any CPU
		{54C14235-D984-4D6D-8B00-A4C908175CA7}.Debug|x64.Build.0 = Debug|Any CPU
		{54C14235-D984-4D6D-8B00-A4C908175CA7}.Debug|x86.ActiveCfg = Debug|Any CPU
		{54C14235-D984-4D6D-8B00-A4C908175CA7}.Debug|x86.Build.0 = Debug|Any CPU
		{54C14235-D984-4D6D-8B00-A4C908175CA7}.Release|Any CPU.ActiveCfg = Release|Any CPU
		{54C14235-D984-4D6D-8B00-A4C908175CA7}.Release|Any CPU.Build.0 = Release|Any CPU
		{54C14235-D984-4D6D-8B00-A4C908175CA7}.Release|x64.ActiveCfg = Release|Any CPU
		{54C14235-D984-4D6D-8B00-A4C908175CA7}.Release|x64.Build.0 = Release|Any CPU
		{54C14235-D984-4D6D-8B00-A4C908175CA7}.Release|x86.ActiveCfg = Release|Any CPU
		{54C14235-D984-4D6D-8B00-A4C908175CA7}.Release|x86.Build.0 = Release|Any CPU
		{5FF0AE7B-10D8-4335-A59D-6EBD1CBD9F10}.Debug|Any CPU.ActiveCfg = Debug|Any CPU
		{5FF0AE7B-10D8-4335-A59D-6EBD1CBD9F10}.Debug|Any CPU.Build.0 = Debug|Any CPU
		{5FF0AE7B-10D8-4335-A59D-6EBD1CBD9F10}.Debug|x64.ActiveCfg = Debug|Any CPU
		{5FF0AE7B-10D8-4335-A59D-6EBD1CBD9F10}.Debug|x64.Build.0 = Debug|Any CPU
		{5FF0AE7B-10D8-4335-A59D-6EBD1CBD9F10}.Debug|x86.ActiveCfg = Debug|Any CPU
		{5FF0AE7B-10D8-4335-A59D-6EBD1CBD9F10}.Debug|x86.Build.0 = Debug|Any CPU
		{5FF0AE7B-10D8-4335-A59D-6EBD1CBD9F10}.Release|Any CPU.ActiveCfg = Release|Any CPU
		{5FF0AE7B-10D8-4335-A59D-6EBD1CBD9F10}.Release|Any CPU.Build.0 = Release|Any CPU
		{5FF0AE7B-10D8-4335-A59D-6EBD1CBD9F10}.Release|x64.ActiveCfg = Release|Any CPU
		{5FF0AE7B-10D8-4335-A59D-6EBD1CBD9F10}.Release|x64.Build.0 = Release|Any CPU
		{5FF0AE7B-10D8-4335-A59D-6EBD1CBD9F10}.Release|x86.ActiveCfg = Release|Any CPU
		{5FF0AE7B-10D8-4335-A59D-6EBD1CBD9F10}.Release|x86.Build.0 = Release|Any CPU
		{6EED967D-EE68-48FE-8341-FA52CD124FFE}.Debug|Any CPU.ActiveCfg = Debug|Any CPU
		{6EED967D-EE68-48FE-8341-FA52CD124FFE}.Debug|Any CPU.Build.0 = Debug|Any CPU
		{6EED967D-EE68-48FE-8341-FA52CD124FFE}.Debug|x64.ActiveCfg = Debug|Any CPU
		{6EED967D-EE68-48FE-8341-FA52CD124FFE}.Debug|x64.Build.0 = Debug|Any CPU
		{6EED967D-EE68-48FE-8341-FA52CD124FFE}.Debug|x86.ActiveCfg = Debug|Any CPU
		{6EED967D-EE68-48FE-8341-FA52CD124FFE}.Debug|x86.Build.0 = Debug|Any CPU
		{6EED967D-EE68-48FE-8341-FA52CD124FFE}.Release|Any CPU.ActiveCfg = Release|Any CPU
		{6EED967D-EE68-48FE-8341-FA52CD124FFE}.Release|Any CPU.Build.0 = Release|Any CPU
		{6EED967D-EE68-48FE-8341-FA52CD124FFE}.Release|x64.ActiveCfg = Release|Any CPU
		{6EED967D-EE68-48FE-8341-FA52CD124FFE}.Release|x64.Build.0 = Release|Any CPU
		{6EED967D-EE68-48FE-8341-FA52CD124FFE}.Release|x86.ActiveCfg = Release|Any CPU
		{6EED967D-EE68-48FE-8341-FA52CD124FFE}.Release|x86.Build.0 = Release|Any CPU
		{9E7087C9-16B1-4E2B-8053-F7666310F3D5}.Debug|Any CPU.ActiveCfg = Debug|Any CPU
		{9E7087C9-16B1-4E2B-8053-F7666310F3D5}.Debug|Any CPU.Build.0 = Debug|Any CPU
		{9E7087C9-16B1-4E2B-8053-F7666310F3D5}.Debug|x64.ActiveCfg = Debug|Any CPU
		{9E7087C9-16B1-4E2B-8053-F7666310F3D5}.Debug|x64.Build.0 = Debug|Any CPU
		{9E7087C9-16B1-4E2B-8053-F7666310F3D5}.Debug|x86.ActiveCfg = Debug|Any CPU
		{9E7087C9-16B1-4E2B-8053-F7666310F3D5}.Debug|x86.Build.0 = Debug|Any CPU
		{9E7087C9-16B1-4E2B-8053-F7666310F3D5}.Release|Any CPU.ActiveCfg = Release|Any CPU
		{9E7087C9-16B1-4E2B-8053-F7666310F3D5}.Release|Any CPU.Build.0 = Release|Any CPU
		{9E7087C9-16B1-4E2B-8053-F7666310F3D5}.Release|x64.ActiveCfg = Release|Any CPU
		{9E7087C9-16B1-4E2B-8053-F7666310F3D5}.Release|x64.Build.0 = Release|Any CPU
		{9E7087C9-16B1-4E2B-8053-F7666310F3D5}.Release|x86.ActiveCfg = Release|Any CPU
		{9E7087C9-16B1-4E2B-8053-F7666310F3D5}.Release|x86.Build.0 = Release|Any CPU
		{EA0CF929-5C4B-41CE-AD39-9F4D7AD3F920}.Debug|Any CPU.ActiveCfg = Debug|Any CPU
		{EA0CF929-5C4B-41CE-AD39-9F4D7AD3F920}.Debug|Any CPU.Build.0 = Debug|Any CPU
		{EA0CF929-5C4B-41CE-AD39-9F4D7AD3F920}.Debug|x64.ActiveCfg = Debug|Any CPU
		{EA0CF929-5C4B-41CE-AD39-9F4D7AD3F920}.Debug|x64.Build.0 = Debug|Any CPU
		{EA0CF929-5C4B-41CE-AD39-9F4D7AD3F920}.Debug|x86.ActiveCfg = Debug|Any CPU
		{EA0CF929-5C4B-41CE-AD39-9F4D7AD3F920}.Debug|x86.Build.0 = Debug|Any CPU
		{EA0CF929-5C4B-41CE-AD39-9F4D7AD3F920}.Release|Any CPU.ActiveCfg = Release|Any CPU
		{EA0CF929-5C4B-41CE-AD39-9F4D7AD3F920}.Release|Any CPU.Build.0 = Release|Any CPU
		{EA0CF929-5C4B-41CE-AD39-9F4D7AD3F920}.Release|x64.ActiveCfg = Release|Any CPU
		{EA0CF929-5C4B-41CE-AD39-9F4D7AD3F920}.Release|x64.Build.0 = Release|Any CPU
		{EA0CF929-5C4B-41CE-AD39-9F4D7AD3F920}.Release|x86.ActiveCfg = Release|Any CPU
		{EA0CF929-5C4B-41CE-AD39-9F4D7AD3F920}.Release|x86.Build.0 = Release|Any CPU
		{53CA6C66-2118-4A59-9E21-2DEB568BBBA1}.Debug|Any CPU.ActiveCfg = Debug|Any CPU
		{53CA6C66-2118-4A59-9E21-2DEB568BBBA1}.Debug|Any CPU.Build.0 = Debug|Any CPU
		{53CA6C66-2118-4A59-9E21-2DEB568BBBA1}.Debug|x64.ActiveCfg = Debug|Any CPU
		{53CA6C66-2118-4A59-9E21-2DEB568BBBA1}.Debug|x64.Build.0 = Debug|Any CPU
		{53CA6C66-2118-4A59-9E21-2DEB568BBBA1}.Debug|x86.ActiveCfg = Debug|Any CPU
		{53CA6C66-2118-4A59-9E21-2DEB568BBBA1}.Debug|x86.Build.0 = Debug|Any CPU
		{53CA6C66-2118-4A59-9E21-2DEB568BBBA1}.Release|Any CPU.ActiveCfg = Release|Any CPU
		{53CA6C66-2118-4A59-9E21-2DEB568BBBA1}.Release|Any CPU.Build.0 = Release|Any CPU
		{53CA6C66-2118-4A59-9E21-2DEB568BBBA1}.Release|x64.ActiveCfg = Release|Any CPU
		{53CA6C66-2118-4A59-9E21-2DEB568BBBA1}.Release|x64.Build.0 = Release|Any CPU
		{53CA6C66-2118-4A59-9E21-2DEB568BBBA1}.Release|x86.ActiveCfg = Release|Any CPU
		{53CA6C66-2118-4A59-9E21-2DEB568BBBA1}.Release|x86.Build.0 = Release|Any CPU
		{97BDF728-16F5-45CD-B48A-E5FABDD110CD}.Debug|Any CPU.ActiveCfg = Debug|Any CPU
		{97BDF728-16F5-45CD-B48A-E5FABDD110CD}.Debug|Any CPU.Build.0 = Debug|Any CPU
		{97BDF728-16F5-45CD-B48A-E5FABDD110CD}.Debug|x64.ActiveCfg = Debug|Any CPU
		{97BDF728-16F5-45CD-B48A-E5FABDD110CD}.Debug|x64.Build.0 = Debug|Any CPU
		{97BDF728-16F5-45CD-B48A-E5FABDD110CD}.Debug|x86.ActiveCfg = Debug|Any CPU
		{97BDF728-16F5-45CD-B48A-E5FABDD110CD}.Debug|x86.Build.0 = Debug|Any CPU
		{97BDF728-16F5-45CD-B48A-E5FABDD110CD}.Release|Any CPU.ActiveCfg = Release|Any CPU
		{97BDF728-16F5-45CD-B48A-E5FABDD110CD}.Release|Any CPU.Build.0 = Release|Any CPU
		{97BDF728-16F5-45CD-B48A-E5FABDD110CD}.Release|x64.ActiveCfg = Release|Any CPU
		{97BDF728-16F5-45CD-B48A-E5FABDD110CD}.Release|x64.Build.0 = Release|Any CPU
		{97BDF728-16F5-45CD-B48A-E5FABDD110CD}.Release|x86.ActiveCfg = Release|Any CPU
		{97BDF728-16F5-45CD-B48A-E5FABDD110CD}.Release|x86.Build.0 = Release|Any CPU
	EndGlobalSection
	GlobalSection(SolutionProperties) = preSolution
		HideSolutionNode = FALSE
	EndGlobalSection
	GlobalSection(NestedProjects) = preSolution
		{967F9741-FDAA-43C6-8BD4-1C0B100AC615} = {827E0CD3-B72D-47B6-A68D-7590B98EB39B}
		{54C14235-D984-4D6D-8B00-A4C908175CA7} = {827E0CD3-B72D-47B6-A68D-7590B98EB39B}
		{5FF0AE7B-10D8-4335-A59D-6EBD1CBD9F10} = {827E0CD3-B72D-47B6-A68D-7590B98EB39B}
		{6EED967D-EE68-48FE-8341-FA52CD124FFE} = {51460179-BB0B-4357-8459-65C27811A5D3}
		{9E7087C9-16B1-4E2B-8053-F7666310F3D5} = {51460179-BB0B-4357-8459-65C27811A5D3}
		{EA0CF929-5C4B-41CE-AD39-9F4D7AD3F920} = {51460179-BB0B-4357-8459-65C27811A5D3}
		{53CA6C66-2118-4A59-9E21-2DEB568BBBA1} = {51460179-BB0B-4357-8459-65C27811A5D3}
		{97BDF728-16F5-45CD-B48A-E5FABDD110CD} = {827E0CD3-B72D-47B6-A68D-7590B98EB39B}
	EndGlobalSection
EndGlobal
